
Microsoft Visual Studio Solution File, Format Version 12.00
# Visual Studio Version 16
VisualStudioVersion = 16.0.30804.86
MinimumVisualStudioVersion = 10.0.40219.1
Project("{FAE04EC0-301F-11D3-BF4B-00C04F79EFBC}") = "XuMvc", "WebApplication1\XuMvc.csproj", "{AF3EABD9-D237-41B6-A53A-8E8159AD2F0D}"
EndProject
Project("{FAE04EC0-301F-11D3-BF4B-00C04F79EFBC}") = "XuDal", "XunDll\XuDal.csproj", "{E4435752-0274-444E-8216-4D33E52A1393}"
EndProject
Project("{FAE04EC0-301F-11D3-BF4B-00C04F79EFBC}") = "XuModel", "XunModel\XuModel.csproj", "{AA193406-332B-4DEB-B279-F9C6C5BACCE3}"
EndProject
Project("{FAE04EC0-301F-11D3-BF4B-00C04F79EFBC}") = "XuDb", "XuDb\XuDb.csproj", "{8B29DE76-BE5D-4B2D-81DB-EA0A693D6C5F}"
EndProject
Global
	GlobalSection(SolutionConfigurationPlatforms) = preSolution
		Debug|Any CPU = Debug|Any CPU
		Release|Any CPU = Release|Any CPU
	EndGlobalSection
	GlobalSection(ProjectConfigurationPlatforms) = postSolution
		{AF3EABD9-D237-41B6-A53A-8E8159AD2F0D}.Debug|Any CPU.ActiveCfg = Debug|Any CPU
		{AF3EABD9-D237-41B6-A53A-8E8159AD2F0D}.Debug|Any CPU.Build.0 = Debug|Any CPU
		{AF3EABD9-D237-41B6-A53A-8E8159AD2F0D}.Release|Any CPU.ActiveCfg = Release|Any CPU
		{AF3EABD9-D237-41B6-A53A-8E8159AD2F0D}.Release|Any CPU.Build.0 = Release|Any CPU
		{E4435752-0274-444E-8216-4D33E52A1393}.Debug|Any CPU.ActiveCfg = Debug|Any CPU
		{E4435752-0274-444E-8216-4D33E52A1393}.Debug|Any CPU.Build.0 = Debug|Any CPU
		{E4435752-0274-444E-8216-4D33E52A1393}.Release|Any CPU.ActiveCfg = Release|Any CPU
		{E4435752-0274-444E-8216-4D33E52A1393}.Release|Any CPU.Build.0 = Release|Any CPU
		{AA193406-332B-4DEB-B279-F9C6C5BACCE3}.Debug|Any CPU.ActiveCfg = Debug|Any CPU
		{AA193406-332B-4DEB-B279-F9C6C5BACCE3}.Debug|Any CPU.Build.0 = Debug|Any CPU
		{AA193406-332B-4DEB-B279-F9C6C5BACCE3}.Release|Any CPU.ActiveCfg = Release|Any CPU
		{AA193406-332B-4DEB-B279-F9C6C5BACCE3}.Release|Any CPU.Build.0 = Release|Any CPU
		{8B29DE76-BE5D-4B2D-81DB-EA0A693D6C5F}.Debug|Any CPU.ActiveCfg = Debug|Any CPU
		{8B29DE76-BE5D-4B2D-81DB-EA0A693D6C5F}.Debug|Any CPU.Build.0 = Debug|Any CPU
		{8B29DE76-BE5D-4B2D-81DB-EA0A693D6C5F}.Release|Any CPU.ActiveCfg = Release|Any CPU
		{8B29DE76-BE5D-4B2D-81DB-EA0A693D6C5F}.Release|Any CPU.Build.0 = Release|Any CPU
	EndGlobalSection
	GlobalSection(SolutionProperties) = preSolution
		HideSolutionNode = FALSE
	EndGlobalSection
	GlobalSection(ExtensibilityGlobals) = postSolution
		SolutionGuid = {8FD45D29-3241-4C64-8C0C-FBFBAE2345A1}
	EndGlobalSection
EndGlobal
